// !$*UTF8*$!
{
	archiveVersion = 1;
	classes = {
	};
	objectVersion = 54;
	objects = {

/* Begin PBXBuildFile section */
		65EECE2E2673C81200014AF4 /* IPATool.swift in Sources */ = {isa = PBXBuildFile; fileRef = 65EECE2D2673C81200014AF4 /* IPATool.swift */; };
		65EECE4F2673C88F00014AF4 /* iTunesResponse.swift in Sources */ = {isa = PBXBuildFile; fileRef = 65EECE4B2673C88F00014AF4 /* iTunesResponse.swift */; };
		65EECE502673C88F00014AF4 /* iTunesEndpoint.swift in Sources */ = {isa = PBXBuildFile; fileRef = 65EECE4C2673C88F00014AF4 /* iTunesEndpoint.swift */; };
		65EECE512673C88F00014AF4 /* iTunesClient.swift in Sources */ = {isa = PBXBuildFile; fileRef = 65EECE4D2673C88F00014AF4 /* iTunesClient.swift */; };
		65EECE522673C88F00014AF4 /* iTunesRequest.swift in Sources */ = {isa = PBXBuildFile; fileRef = 65EECE4E2673C88F00014AF4 /* iTunesRequest.swift */; };
		65EECE572673C89B00014AF4 /* Logging.swift in Sources */ = {isa = PBXBuildFile; fileRef = 65EECE542673C89B00014AF4 /* Logging.swift */; };
		65EECE582673C89B00014AF4 /* LogLevel.swift in Sources */ = {isa = PBXBuildFile; fileRef = 65EECE552673C89B00014AF4 /* LogLevel.swift */; };
		65EECE592673C89B00014AF4 /* ConsoleLogger.swift in Sources */ = {isa = PBXBuildFile; fileRef = 65EECE562673C89B00014AF4 /* ConsoleLogger.swift */; };
		65EECE632673C8A800014AF4 /* HTTPEndpoint.swift in Sources */ = {isa = PBXBuildFile; fileRef = 65EECE5B2673C8A800014AF4 /* HTTPEndpoint.swift */; };
		65EECE642673C8A800014AF4 /* HTTPPayload.swift in Sources */ = {isa = PBXBuildFile; fileRef = 65EECE5C2673C8A800014AF4 /* HTTPPayload.swift */; };
		65EECE652673C8A800014AF4 /* HTTPRequest.swift in Sources */ = {isa = PBXBuildFile; fileRef = 65EECE5D2673C8A800014AF4 /* HTTPRequest.swift */; };
		65EECE662673C8A800014AF4 /* HTTPResponse.swift in Sources */ = {isa = PBXBuildFile; fileRef = 65EECE5E2673C8A800014AF4 /* HTTPResponse.swift */; };
		65EECE672673C8A800014AF4 /* HTTPMethod.swift in Sources */ = {isa = PBXBuildFile; fileRef = 65EECE5F2673C8A800014AF4 /* HTTPMethod.swift */; };
		65EECE682673C8A800014AF4 /* HTTPClient.swift in Sources */ = {isa = PBXBuildFile; fileRef = 65EECE602673C8A800014AF4 /* HTTPClient.swift */; };
		65EECE692673C8A800014AF4 /* URLSession.swift in Sources */ = {isa = PBXBuildFile; fileRef = 65EECE612673C8A800014AF4 /* URLSession.swift */; };
		65EECE6A2673C8A800014AF4 /* HTTPDownloadClient.swift in Sources */ = {isa = PBXBuildFile; fileRef = 65EECE622673C8A800014AF4 /* HTTPDownloadClient.swift */; };
		65EECE6D2673C8B500014AF4 /* SignatureClient.swift in Sources */ = {isa = PBXBuildFile; fileRef = 65EECE6C2673C8B500014AF4 /* SignatureClient.swift */; };
		65EECE732673C8BE00014AF4 /* StoreClient.swift in Sources */ = {isa = PBXBuildFile; fileRef = 65EECE6F2673C8BE00014AF4 /* StoreClient.swift */; };
		65EECE742673C8BE00014AF4 /* StoreRequest.swift in Sources */ = {isa = PBXBuildFile; fileRef = 65EECE702673C8BE00014AF4 /* StoreRequest.swift */; };
		65EECE752673C8BE00014AF4 /* StoreEndpoint.swift in Sources */ = {isa = PBXBuildFile; fileRef = 65EECE712673C8BE00014AF4 /* StoreEndpoint.swift */; };
		65EECE762673C8BE00014AF4 /* StoreResponse.swift in Sources */ = {isa = PBXBuildFile; fileRef = 65EECE722673C8BE00014AF4 /* StoreResponse.swift */; };
		65EECE7A2673C8EA00014AF4 /* Download.swift in Sources */ = {isa = PBXBuildFile; fileRef = 65EECE782673C8EA00014AF4 /* Download.swift */; };
		65EECE7B2673C8EA00014AF4 /* Search.swift in Sources */ = {isa = PBXBuildFile; fileRef = 65EECE792673C8EA00014AF4 /* Search.swift */; };
		65EECE7E2673C97500014AF4 /* ZIPFoundation in Frameworks */ = {isa = PBXBuildFile; productRef = 65EECE7D2673C97500014AF4 /* ZIPFoundation */; };
		F5BBBA3C2E9366CA00A929EE /* RedirectEndpoint.swift in Sources */ = {isa = PBXBuildFile; fileRef = F5BBBA3B2E9366C400A929EE /* RedirectEndpoint.swift */; };
		FA8FFD3D24ABB7D0008FD73C /* Assets.xcassets in Resources */ = {isa = PBXBuildFile; fileRef = FA8FFD3C24ABB7D0008FD73C /* Assets.xcassets */; };
		FA8FFD4024ABB7D0008FD73C /* LaunchScreen.storyboard in Resources */ = {isa = PBXBuildFile; fileRef = FA8FFD3E24ABB7D0008FD73C /* LaunchScreen.storyboard */; };
		FA8FFD4B24ABBDB0008FD73C /* ArgumentParser in Frameworks */ = {isa = PBXBuildFile; productRef = FA8FFD4A24ABBDB0008FD73C /* ArgumentParser */; };
		FA8FFD4D24ABBE14008FD73C /* main.swift in Sources */ = {isa = PBXBuildFile; fileRef = FA8FFD4C24ABBE14008FD73C /* main.swift */; };
/* End PBXBuildFile section */

/* Begin PBXFileReference section */
		65EECE2D2673C81200014AF4 /* IPATool.swift */ = {isa = PBXFileReference; fileEncoding = 4; lastKnownFileType = sourcecode.swift; name = IPATool.swift; path = Source/IPATool.swift; sourceTree = SOURCE_ROOT; };
		65EECE4B2673C88F00014AF4 /* iTunesResponse.swift */ = {isa = PBXFileReference; fileEncoding = 4; lastKnownFileType = sourcecode.swift; path = iTunesResponse.swift; sourceTree = "<group>"; };
		65EECE4C2673C88F00014AF4 /* iTunesEndpoint.swift */ = {isa = PBXFileReference; fileEncoding = 4; lastKnownFileType = sourcecode.swift; path = iTunesEndpoint.swift; sourceTree = "<group>"; };
		65EECE4D2673C88F00014AF4 /* iTunesClient.swift */ = {isa = PBXFileReference; fileEncoding = 4; lastKnownFileType = sourcecode.swift; path = iTunesClient.swift; sourceTree = "<group>"; };
		65EECE4E2673C88F00014AF4 /* iTunesRequest.swift */ = {isa = PBXFileReference; fileEncoding = 4; lastKnownFileType = sourcecode.swift; path = iTunesRequest.swift; sourceTree = "<group>"; };
		65EECE542673C89B00014AF4 /* Logging.swift */ = {isa = PBXFileReference; fileEncoding = 4; lastKnownFileType = sourcecode.swift; path = Logging.swift; sourceTree = "<group>"; };
		65EECE552673C89B00014AF4 /* LogLevel.swift */ = {isa = PBXFileReference; fileEncoding = 4; lastKnownFileType = sourcecode.swift; path = LogLevel.swift; sourceTree = "<group>"; };
		65EECE562673C89B00014AF4 /* ConsoleLogger.swift */ = {isa = PBXFileReference; fileEncoding = 4; lastKnownFileType = sourcecode.swift; path = ConsoleLogger.swift; sourceTree = "<group>"; };
		65EECE5B2673C8A800014AF4 /* HTTPEndpoint.swift */ = {isa = PBXFileReference; fileEncoding = 4; lastKnownFileType = sourcecode.swift; path = HTTPEndpoint.swift; sourceTree = "<group>"; };
		65EECE5C2673C8A800014AF4 /* HTTPPayload.swift */ = {isa = PBXFileReference; fileEncoding = 4; lastKnownFileType = sourcecode.swift; path = HTTPPayload.swift; sourceTree = "<group>"; };
		65EECE5D2673C8A800014AF4 /* HTTPRequest.swift */ = {isa = PBXFileReference; fileEncoding = 4; lastKnownFileType = sourcecode.swift; path = HTTPRequest.swift; sourceTree = "<group>"; };
		65EECE5E2673C8A800014AF4 /* HTTPResponse.swift */ = {isa = PBXFileReference; fileEncoding = 4; lastKnownFileType = sourcecode.swift; path = HTTPResponse.swift; sourceTree = "<group>"; };
		65EECE5F2673C8A800014AF4 /* HTTPMethod.swift */ = {isa = PBXFileReference; fileEncoding = 4; lastKnownFileType = sourcecode.swift; path = HTTPMethod.swift; sourceTree = "<group>"; };
		65EECE602673C8A800014AF4 /* HTTPClient.swift */ = {isa = PBXFileReference; fileEncoding = 4; lastKnownFileType = sourcecode.swift; path = HTTPClient.swift; sourceTree = "<group>"; };
		65EECE612673C8A800014AF4 /* URLSession.swift */ = {isa = PBXFileReference; fileEncoding = 4; lastKnownFileType = sourcecode.swift; path = URLSession.swift; sourceTree = "<group>"; };
		65EECE622673C8A800014AF4 /* HTTPDownloadClient.swift */ = {isa = PBXFileReference; fileEncoding = 4; lastKnownFileType = sourcecode.swift; path = HTTPDownloadClient.swift; sourceTree = "<group>"; };
		65EECE6C2673C8B500014AF4 /* SignatureClient.swift */ = {isa = PBXFileReference; fileEncoding = 4; lastKnownFileType = sourcecode.swift; path = SignatureClient.swift; sourceTree = "<group>"; };
		65EECE6F2673C8BE00014AF4 /* StoreClient.swift */ = {isa = PBXFileReference; fileEncoding = 4; lastKnownFileType = sourcecode.swift; path = StoreClient.swift; sourceTree = "<group>"; };
		65EECE702673C8BE00014AF4 /* StoreRequest.swift */ = {isa = PBXFileReference; fileEncoding = 4; lastKnownFileType = sourcecode.swift; path = StoreRequest.swift; sourceTree = "<group>"; };
		65EECE712673C8BE00014AF4 /* StoreEndpoint.swift */ = {isa = PBXFileReference; fileEncoding = 4; lastKnownFileType = sourcecode.swift; path = StoreEndpoint.swift; sourceTree = "<group>"; };
		65EECE722673C8BE00014AF4 /* StoreResponse.swift */ = {isa = PBXFileReference; fileEncoding = 4; lastKnownFileType = sourcecode.swift; path = StoreResponse.swift; sourceTree = "<group>"; };
		65EECE782673C8EA00014AF4 /* Download.swift */ = {isa = PBXFileReference; fileEncoding = 4; lastKnownFileType = sourcecode.swift; path = Download.swift; sourceTree = "<group>"; };
		65EECE792673C8EA00014AF4 /* Search.swift */ = {isa = PBXFileReference; fileEncoding = 4; lastKnownFileType = sourcecode.swift; path = Search.swift; sourceTree = "<group>"; };
		F5BBBA3B2E9366C400A929EE /* RedirectEndpoint.swift */ = {isa = PBXFileReference; lastKnownFileType = sourcecode.swift; path = RedirectEndpoint.swift; sourceTree = "<group>"; };
		FA8FFD3024ABB7CB008FD73C /* ipatool.app */ = {isa = PBXFileReference; explicitFileType = wrapper.application; includeInIndex = 0; path = ipatool.app; sourceTree = BUILT_PRODUCTS_DIR; };
		FA8FFD3C24ABB7D0008FD73C /* Assets.xcassets */ = {isa = PBXFileReference; lastKnownFileType = folder.assetcatalog; path = Assets.xcassets; sourceTree = "<group>"; };
		FA8FFD3F24ABB7D0008FD73C /* Base */ = {isa = PBXFileReference; lastKnownFileType = file.storyboard; name = Base; path = Base.lproj/LaunchScreen.storyboard; sourceTree = "<group>"; };
		FA8FFD4124ABB7D0008FD73C /* Info.plist */ = {isa = PBXFileReference; lastKnownFileType = text.plist.xml; path = Info.plist; sourceTree = "<group>"; };
		FA8FFD4724ABB96A008FD73C /* ipatool.entitlements */ = {isa = PBXFileReference; lastKnownFileType = text.plist.entitlements; name = ipatool.entitlements; path = Source/ipatool.entitlements; sourceTree = SOURCE_ROOT; };
		FA8FFD4C24ABBE14008FD73C /* main.swift */ = {isa = PBXFileReference; lastKnownFileType = sourcecode.swift; path = main.swift; sourceTree = "<group>"; };
/* End PBXFileReference section */

/* Begin PBXFrameworksBuildPhase section */
		FA8FFD2D24ABB7CB008FD73C /* Frameworks */ = {
			isa = PBXFrameworksBuildPhase;
			buildActionMask = 2147483647;
			files = (
				FA8FFD4B24ABBDB0008FD73C /* ArgumentParser in Frameworks */,
				65EECE7E2673C97500014AF4 /* ZIPFoundation in Frameworks */,
			);
			runOnlyForDeploymentPostprocessing = 0;
		};
/* End PBXFrameworksBuildPhase section */

/* Begin PBXGroup section */
		65EECE4A2673C88F00014AF4 /* iTunes */ = {
			isa = PBXGroup;
			children = (
				65EECE4B2673C88F00014AF4 /* iTunesResponse.swift */,
				65EECE4C2673C88F00014AF4 /* iTunesEndpoint.swift */,
				65EECE4D2673C88F00014AF4 /* iTunesClient.swift */,
				65EECE4E2673C88F00014AF4 /* iTunesRequest.swift */,
			);
			path = iTunes;
			sourceTree = "<group>";
		};
		65EECE532673C89B00014AF4 /* Logger */ = {
			isa = PBXGroup;
			children = (
				65EECE542673C89B00014AF4 /* Logging.swift */,
				65EECE552673C89B00014AF4 /* LogLevel.swift */,
				65EECE562673C89B00014AF4 /* ConsoleLogger.swift */,
			);
			path = Logger;
			sourceTree = "<group>";
		};
		65EECE5A2673C8A800014AF4 /* Networking */ = {
			isa = PBXGroup;
			children = (
				F5BBBA3B2E9366C400A929EE /* RedirectEndpoint.swift */,
				65EECE5B2673C8A800014AF4 /* HTTPEndpoint.swift */,
				65EECE5C2673C8A800014AF4 /* HTTPPayload.swift */,
				65EECE5D2673C8A800014AF4 /* HTTPRequest.swift */,
				65EECE5E2673C8A800014AF4 /* HTTPResponse.swift */,
				65EECE5F2673C8A800014AF4 /* HTTPMethod.swift */,
				65EECE602673C8A800014AF4 /* HTTPClient.swift */,
				65EECE612673C8A800014AF4 /* URLSession.swift */,
				65EECE622673C8A800014AF4 /* HTTPDownloadClient.swift */,
			);
			path = Networking;
			sourceTree = "<group>";
		};
		65EECE6B2673C8B500014AF4 /* Signature */ = {
			isa = PBXGroup;
			children = (
				65EECE6C2673C8B500014AF4 /* SignatureClient.swift */,
			);
			path = Signature;
			sourceTree = "<group>";
		};
		65EECE6E2673C8BE00014AF4 /* Store */ = {
			isa = PBXGroup;
			children = (
				65EECE6F2673C8BE00014AF4 /* StoreClient.swift */,
				65EECE702673C8BE00014AF4 /* StoreRequest.swift */,
				65EECE712673C8BE00014AF4 /* StoreEndpoint.swift */,
				65EECE722673C8BE00014AF4 /* StoreResponse.swift */,
			);
			path = Store;
			sourceTree = "<group>";
		};
		65EECE772673C8EA00014AF4 /* Commands */ = {
			isa = PBXGroup;
			children = (
				65EECE782673C8EA00014AF4 /* Download.swift */,
				65EECE792673C8EA00014AF4 /* Search.swift */,
			);
			path = Commands;
			sourceTree = "<group>";
		};
		FA8FFD2724ABB7CB008FD73C = {
			isa = PBXGroup;
			children = (
				FA8FFD8624AC1642008FD73C /* Source */,
				FA8FFD8924AC16A2008FD73C /* App Resources */,
				FA8FFD3124ABB7CB008FD73C /* Products */,
			);
			sourceTree = "<group>";
		};
		FA8FFD3124ABB7CB008FD73C /* Products */ = {
			isa = PBXGroup;
			children = (
				FA8FFD3024ABB7CB008FD73C /* ipatool.app */,
			);
			name = Products;
			sourceTree = "<group>";
		};
		FA8FFD8624AC1642008FD73C /* Source */ = {
			isa = PBXGroup;
			children = (
				FA8FFD4C24ABBE14008FD73C /* main.swift */,
				65EECE6E2673C8BE00014AF4 /* Store */,
				65EECE6B2673C8B500014AF4 /* Signature */,
				65EECE5A2673C8A800014AF4 /* Networking */,
				65EECE532673C89B00014AF4 /* Logger */,
				65EECE4A2673C88F00014AF4 /* iTunes */,
				65EECE2D2673C81200014AF4 /* IPATool.swift */,
				65EECE772673C8EA00014AF4 /* Commands */,
				FA8FFD4724ABB96A008FD73C /* ipatool.entitlements */,
			);
			path = Source;
			sourceTree = "<group>";
		};
		FA8FFD8924AC16A2008FD73C /* App Resources */ = {
			isa = PBXGroup;
			children = (
				FA8FFD4124ABB7D0008FD73C /* Info.plist */,
				FA8FFD3C24ABB7D0008FD73C /* Assets.xcassets */,
				FA8FFD3E24ABB7D0008FD73C /* LaunchScreen.storyboard */,
			);
			path = "App Resources";
			sourceTree = "<group>";
		};
/* End PBXGroup section */

/* Begin PBXNativeTarget section */
		FA8FFD2F24ABB7CB008FD73C /* ipatool */ = {
			isa = PBXNativeTarget;
			buildConfigurationList = FA8FFD4424ABB7D0008FD73C /* Build configuration list for PBXNativeTarget "ipatool" */;
			buildPhases = (
				FA8FFD2C24ABB7CB008FD73C /* Sources */,
				FA8FFD2D24ABB7CB008FD73C /* Frameworks */,
				FA8FFD2E24ABB7CB008FD73C /* Resources */,
				FA8FFD4824ABB974008FD73C /* Codesign */,
			);
			buildRules = (
			);
			dependencies = (
			);
			name = ipatool;
			packageProductDependencies = (
				FA8FFD4A24ABBDB0008FD73C /* ArgumentParser */,
				65EECE7D2673C97500014AF4 /* ZIPFoundation */,
			);
			productName = flexdecrypt;
			productReference = FA8FFD3024ABB7CB008FD73C /* ipatool.app */;
			productType = "com.apple.product-type.application";
		};
/* End PBXNativeTarget section */

/* Begin PBXProject section */
		FA8FFD2824ABB7CB008FD73C /* Project object */ = {
			isa = PBXProject;
			attributes = {
				BuildIndependentTargetsInParallel = YES;
				LastSwiftUpdateCheck = 1150;
				LastUpgradeCheck = 2600;
				ORGANIZATIONNAME = "John Coates";
				TargetAttributes = {
					FA8FFD2F24ABB7CB008FD73C = {
						CreatedOnToolsVersion = 11.5;
						LastSwiftMigration = 1150;
					};
				};
			};
			buildConfigurationList = FA8FFD2B24ABB7CB008FD73C /* Build configuration list for PBXProject "ipatool" */;
			compatibilityVersion = "Xcode 9.3";
			developmentRegion = en;
			hasScannedForEncodings = 0;
			knownRegions = (
				en,
				Base,
			);
			mainGroup = FA8FFD2724ABB7CB008FD73C;
			packageReferences = (
				FA8FFD4924ABBDB0008FD73C /* XCRemoteSwiftPackageReference "swift-argument-parser" */,
				65EECE7C2673C97500014AF4 /* XCRemoteSwiftPackageReference "ZIPFoundation" */,
			);
			productRefGroup = FA8FFD3124ABB7CB008FD73C /* Products */;
			projectDirPath = "";
			projectRoot = "";
			targets = (
				FA8FFD2F24ABB7CB008FD73C /* ipatool */,
			);
		};
/* End PBXProject section */

/* Begin PBXResourcesBuildPhase section */
		FA8FFD2E24ABB7CB008FD73C /* Resources */ = {
			isa = PBXResourcesBuildPhase;
			buildActionMask = 2147483647;
			files = (
				FA8FFD4024ABB7D0008FD73C /* LaunchScreen.storyboard in Resources */,
				FA8FFD3D24ABB7D0008FD73C /* Assets.xcassets in Resources */,
			);
			runOnlyForDeploymentPostprocessing = 0;
		};
/* End PBXResourcesBuildPhase section */

/* Begin PBXShellScriptBuildPhase section */
		FA8FFD4824ABB974008FD73C /* Codesign */ = {
			isa = PBXShellScriptBuildPhase;
			buildActionMask = 2147483647;
			files = (
			);
			inputFileListPaths = (
			);
			inputPaths = (
			);
			name = Codesign;
			outputFileListPaths = (
			);
			outputPaths = (
			);
			runOnlyForDeploymentPostprocessing = 0;
			shellPath = /bin/sh;
			shellScript = "set -x\nset -e\nexport appPath=$CODESIGNING_FOLDER_PATH\nexport binaryPath=$appPath/$PRODUCT_NAME\nexport entitlementsPath=$CODE_SIGN_ENTITLEMENTS\nexport plistBuddy=/usr/libexec/PlistBuddy\n\nif [ $PLATFORM_NAME = \"iphoneos\" ] && [ $CONFIGURATION = \"Debug\" ]; then\n    echo \"warning: Entitling binary\"\n    pushd ~/Library/MobileDevice/Provisioning\\ Profiles/\n        FILES=./*\n        for file in $FILES\n        do\n            echo \"Reading $file\"\n            found=0\n            security cms -D -i $file > /tmp/profile.plist \n            wildcardAppId=\"Xcode: Wildcard AppID\"\n            currentAppId=$($plistBuddy -c \"Print :AppIDName\" /tmp/profile.plist)\n            if [[ \"$currentAppId\" == \"$wildcardAppId\" ]]; then\n                currentAppId=$($plistBuddy -c \"Print :AppIDName\" /tmp/profile.plist)    \n                ApplicationIdentifierPrefix=$($plistBuddy -c \"Print :ApplicationIdentifierPrefix:0\" /tmp/profile.plist)\n                TeamIdentifier=$($plistBuddy -c \"Print :TeamIdentifier:0\" /tmp/profile.plist)\n                TeamName=$($plistBuddy -c \"Print :TeamName\" /tmp/profile.plist)\n                echo \"Found Wildcard Provisoning Profile\"\n                echo \"ApplicationIdentifierPrefix: $ApplicationIdentifierPrefix\"\n                echo \"TeamIdentifier: $TeamIdentifier\"\n                echo \"TeamName: $TeamName\"\n                found=1\n                rm /tmp/profile.plist\n                break\n            fi\n            \n            rm /tmp/profile.plist\n            \n            if [[ found == 0 ]]; then\n                echo \"Error: Unable to find wildcard provisioning profile!\"\n                exit 1\n            fi\n        done\n    popd\n\n    $plistBuddy -c \"Set :application-identifier $ApplicationIdentifierPrefix.$PRODUCT_BUNDLE_IDENTIFIER\" \"$entitlementsPath\"\n    $plistBuddy -c \"Set :com.apple.developer.team-identifier $TeamIdentifier\" \"$entitlementsPath\"\n\n    codesignIdentity=\"Apple Development: $TeamName\"\n    FRAMEWORKS_DIR=\"${TARGET_BUILD_DIR}/${FRAMEWORKS_FOLDER_PATH}\"\n    find \"${FRAMEWORKS_DIR}\" -perm +111 -type f -exec codesign -fs \"$codesignIdentity\" \"{}\" \\;\n    find \"${FRAMEWORKS_DIR}\" -perm +111 -type f -exec codesign -d \"$codesignIdentity\" \"{}\" \\;\n\n    codesign --deep -fs \"$codesignIdentity\" --entitlements \"${entitlementsPath}\" \"${appPath}\"\n    \n    returnValue=$?\n    \n    codesign -d \"$appPath\"\n    \n    # clear\n    $plistBuddy -c \"Set :application-identifier -\" \"$entitlementsPath\"\n    $plistBuddy -c \"Set :com.apple.developer.team-identifier -\" \"$entitlementsPath\"\n    \n    if [[ $returnValue != 0 ]]; then\n        exit $returnValue;\n    fi\nelif [ $PLATFORM_NAME = \"iphoneos\" ] && [ $CONFIGURATION = \"Release\" ]; then\n    echo \"warning: adhoc codesigning\"\n    export entitlementsPath=$CODE_SIGN_ENTITLEMENTS\n    export newEntitlementsPath=\"$CONFIGURATION_BUILD_DIR/modified.entitlements\"\n    cp \"$entitlementsPath\" \"$newEntitlementsPath\"\n    $plistBuddy -c \"Remove :application-identifier\" \"$newEntitlementsPath\"\n    $plistBuddy -c \"Remove :com.apple.developer.team-identifier\" \"$newEntitlementsPath\"\n    codesign --deep -f -s - --entitlements \"${newEntitlementsPath}\" \"${appPath}\"\n    codesign -d \"$appPath\"\nfi\n";
		};
/* End PBXShellScriptBuildPhase section */

/* Begin PBXSourcesBuildPhase section */
		FA8FFD2C24ABB7CB008FD73C /* Sources */ = {
			isa = PBXSourcesBuildPhase;
			buildActionMask = 2147483647;
			files = (
				65EECE2E2673C81200014AF4 /* IPATool.swift in Sources */,
				65EECE6D2673C8B500014AF4 /* SignatureClient.swift in Sources */,
				65EECE682673C8A800014AF4 /* HTTPClient.swift in Sources */,
				FA8FFD4D24ABBE14008FD73C /* main.swift in Sources */,
				65EECE582673C89B00014AF4 /* LogLevel.swift in Sources */,
				F5BBBA3C2E9366CA00A929EE /* RedirectEndpoint.swift in Sources */,
				65EECE512673C88F00014AF4 /* iTunesClient.swift in Sources */,
				65EECE502673C88F00014AF4 /* iTunesEndpoint.swift in Sources */,
				65EECE4F2673C88F00014AF4 /* iTunesResponse.swift in Sources */,
				65EECE762673C8BE00014AF4 /* StoreResponse.swift in Sources */,
				65EECE642673C8A800014AF4 /* HTTPPayload.swift in Sources */,
				65EECE592673C89B00014AF4 /* ConsoleLogger.swift in Sources */,
				65EECE572673C89B00014AF4 /* Logging.swift in Sources */,
				65EECE652673C8A800014AF4 /* HTTPRequest.swift in Sources */,
				65EECE672673C8A800014AF4 /* HTTPMethod.swift in Sources */,
				65EECE692673C8A800014AF4 /* URLSession.swift in Sources */,
				65EECE662673C8A800014AF4 /* HTTPResponse.swift in Sources */,
				65EECE742673C8BE00014AF4 /* StoreRequest.swift in Sources */,
				65EECE6A2673C8A800014AF4 /* HTTPDownloadClient.swift in Sources */,
				65EECE632673C8A800014AF4 /* HTTPEndpoint.swift in Sources */,
				65EECE732673C8BE00014AF4 /* StoreClient.swift in Sources */,
				65EECE522673C88F00014AF4 /* iTunesRequest.swift in Sources */,
				65EECE7B2673C8EA00014AF4 /* Search.swift in Sources */,
				65EECE7A2673C8EA00014AF4 /* Download.swift in Sources */,
				65EECE752673C8BE00014AF4 /* StoreEndpoint.swift in Sources */,
			);
			runOnlyForDeploymentPostprocessing = 0;
		};
/* End PBXSourcesBuildPhase section */

/* Begin PBXVariantGroup section */
		FA8FFD3E24ABB7D0008FD73C /* LaunchScreen.storyboard */ = {
			isa = PBXVariantGroup;
			children = (
				FA8FFD3F24ABB7D0008FD73C /* Base */,
			);
			name = LaunchScreen.storyboard;
			sourceTree = "<group>";
		};
/* End PBXVariantGroup section */

/* Begin XCBuildConfiguration section */
		FA8FFD4224ABB7D0008FD73C /* Debug */ = {
			isa = XCBuildConfiguration;
			buildSettings = {
				ALWAYS_SEARCH_USER_PATHS = NO;
				CLANG_ANALYZER_NONNULL = YES;
				CLANG_ANALYZER_NUMBER_OBJECT_CONVERSION = YES_AGGRESSIVE;
				CLANG_CXX_LANGUAGE_STANDARD = "gnu++14";
				CLANG_CXX_LIBRARY = "libc++";
				CLANG_ENABLE_MODULES = YES;
				CLANG_ENABLE_OBJC_ARC = YES;
				CLANG_ENABLE_OBJC_WEAK = YES;
				CLANG_WARN_BLOCK_CAPTURE_AUTORELEASING = YES;
				CLANG_WARN_BOOL_CONVERSION = YES;
				CLANG_WARN_COMMA = YES;
				CLANG_WARN_CONSTANT_CONVERSION = YES;
				CLANG_WARN_DEPRECATED_OBJC_IMPLEMENTATIONS = YES;
				CLANG_WARN_DIRECT_OBJC_ISA_USAGE = YES_ERROR;
				CLANG_WARN_DOCUMENTATION_COMMENTS = YES;
				CLANG_WARN_EMPTY_BODY = YES;
				CLANG_WARN_ENUM_CONVERSION = YES;
				CLANG_WARN_INFINITE_RECURSION = YES;
				CLANG_WARN_INT_CONVERSION = YES;
				CLANG_WARN_NON_LITERAL_NULL_CONVERSION = YES;
				CLANG_WARN_OBJC_IMPLICIT_RETAIN_SELF = YES;
				CLANG_WARN_OBJC_LITERAL_CONVERSION = YES;
				CLANG_WARN_OBJC_ROOT_CLASS = YES_ERROR;
				CLANG_WARN_QUOTED_INCLUDE_IN_FRAMEWORK_HEADER = YES;
				CLANG_WARN_RANGE_LOOP_ANALYSIS = YES;
				CLANG_WARN_STRICT_PROTOTYPES = YES;
				CLANG_WARN_SUSPICIOUS_MOVE = YES;
				CLANG_WARN_UNGUARDED_AVAILABILITY = YES_AGGRESSIVE;
				CLANG_WARN_UNREACHABLE_CODE = YES;
				CLANG_WARN__DUPLICATE_METHOD_MATCH = YES;
				COPY_PHASE_STRIP = NO;
				DEBUG_INFORMATION_FORMAT = dwarf;
				ENABLE_STRICT_OBJC_MSGSEND = YES;
				ENABLE_TESTABILITY = YES;
				GCC_C_LANGUAGE_STANDARD = gnu11;
				GCC_DYNAMIC_NO_PIC = NO;
				GCC_NO_COMMON_BLOCKS = YES;
				GCC_OPTIMIZATION_LEVEL = 0;
				GCC_PREPROCESSOR_DEFINITIONS = (
					"DEBUG=1",
					"$(inherited)",
				);
				GCC_WARN_64_TO_32_BIT_CONVERSION = YES;
				GCC_WARN_ABOUT_RETURN_TYPE = YES_ERROR;
				GCC_WARN_UNDECLARED_SELECTOR = YES;
				GCC_WARN_UNINITIALIZED_AUTOS = YES_AGGRESSIVE;
				GCC_WARN_UNUSED_FUNCTION = YES;
				GCC_WARN_UNUSED_VARIABLE = YES;
				IPHONEOS_DEPLOYMENT_TARGET = 12.0;
				MTL_ENABLE_DEBUG_INFO = INCLUDE_SOURCE;
				MTL_FAST_MATH = YES;
				ONLY_ACTIVE_ARCH = YES;
				SDKROOT = iphoneos;
				STRING_CATALOG_GENERATE_SYMBOLS = YES;
				SWIFT_ACTIVE_COMPILATION_CONDITIONS = DEBUG;
				SWIFT_OPTIMIZATION_LEVEL = "-Onone";
			};
			name = Debug;
		};
		FA8FFD4324ABB7D0008FD73C /* Release */ = {
			isa = XCBuildConfiguration;
			buildSettings = {
				ALWAYS_SEARCH_USER_PATHS = NO;
				CLANG_ANALYZER_NONNULL = YES;
				CLANG_ANALYZER_NUMBER_OBJECT_CONVERSION = YES_AGGRESSIVE;
				CLANG_CXX_LANGUAGE_STANDARD = "gnu++14";
				CLANG_CXX_LIBRARY = "libc++";
				CLANG_ENABLE_MODULES = YES;
				CLANG_ENABLE_OBJC_ARC = YES;
				CLANG_ENABLE_OBJC_WEAK = YES;
				CLANG_WARN_BLOCK_CAPTURE_AUTORELEASING = YES;
				CLANG_WARN_BOOL_CONVERSION = YES;
				CLANG_WARN_COMMA = YES;
				CLANG_WARN_CONSTANT_CONVERSION = YES;
				CLANG_WARN_DEPRECATED_OBJC_IMPLEMENTATIONS = YES;
				CLANG_WARN_DIRECT_OBJC_ISA_USAGE = YES_ERROR;
				CLANG_WARN_DOCUMENTATION_COMMENTS = YES;
				CLANG_WARN_EMPTY_BODY = YES;
				CLANG_WARN_ENUM_CONVERSION = YES;
				CLANG_WARN_INFINITE_RECURSION = YES;
				CLANG_WARN_INT_CONVERSION = YES;
				CLANG_WARN_NON_LITERAL_NULL_CONVERSION = YES;
				CLANG_WARN_OBJC_IMPLICIT_RETAIN_SELF = YES;
				CLANG_WARN_OBJC_LITERAL_CONVERSION = YES;
				CLANG_WARN_OBJC_ROOT_CLASS = YES_ERROR;
				CLANG_WARN_QUOTED_INCLUDE_IN_FRAMEWORK_HEADER = YES;
				CLANG_WARN_RANGE_LOOP_ANALYSIS = YES;
				CLANG_WARN_STRICT_PROTOTYPES = YES;
				CLANG_WARN_SUSPICIOUS_MOVE = YES;
				CLANG_WARN_UNGUARDED_AVAILABILITY = YES_AGGRESSIVE;
				CLANG_WARN_UNREACHABLE_CODE = YES;
				CLANG_WARN__DUPLICATE_METHOD_MATCH = YES;
				COPY_PHASE_STRIP = NO;
				DEBUG_INFORMATION_FORMAT = "dwarf-with-dsym";
				ENABLE_NS_ASSERTIONS = NO;
				ENABLE_STRICT_OBJC_MSGSEND = YES;
				GCC_C_LANGUAGE_STANDARD = gnu11;
				GCC_NO_COMMON_BLOCKS = YES;
				GCC_WARN_64_TO_32_BIT_CONVERSION = YES;
				GCC_WARN_ABOUT_RETURN_TYPE = YES_ERROR;
				GCC_WARN_UNDECLARED_SELECTOR = YES;
				GCC_WARN_UNINITIALIZED_AUTOS = YES_AGGRESSIVE;
				GCC_WARN_UNUSED_FUNCTION = YES;
				GCC_WARN_UNUSED_VARIABLE = YES;
				IPHONEOS_DEPLOYMENT_TARGET = 12.0;
				MTL_ENABLE_DEBUG_INFO = NO;
				MTL_FAST_MATH = YES;
				SDKROOT = iphoneos;
				STRING_CATALOG_GENERATE_SYMBOLS = YES;
				SWIFT_COMPILATION_MODE = wholemodule;
				SWIFT_OPTIMIZATION_LEVEL = "-O";
				VALIDATE_PRODUCT = YES;
			};
			name = Release;
		};
		FA8FFD4524ABB7D0008FD73C /* Debug */ = {
			isa = XCBuildConfiguration;
			buildSettings = {
				ASSETCATALOG_COMPILER_APPICON_NAME = AppIcon;
				CLANG_ENABLE_MODULES = YES;
				CODE_SIGNING_ALLOWED = NO;
				CODE_SIGNING_REQUIRED = NO;
				CODE_SIGN_ENTITLEMENTS = $PROJECT_DIR/Source/ipatool.entitlements;
				CODE_SIGN_STYLE = Manual;
				DEVELOPMENT_TEAM = "";
				INFOPLIST_FILE = "App Resources/Info.plist";
				IPHONEOS_DEPLOYMENT_TARGET = 12.0;
				LD_RUNPATH_SEARCH_PATHS = (
					"$(inherited)",
					"@executable_path/Frameworks",
					/usr/lib/libswift/stable,
				);
				MARKETING_VERSION = 1.1;
				PRODUCT_BUNDLE_IDENTIFIER = daniel.ipatool;
				PRODUCT_NAME = "$(TARGET_NAME)";
				PROVISIONING_PROFILE_SPECIFIER = "";
				SWIFT_OBJC_BRIDGING_HEADER = $PROJECT_DIR/Source/Bridging.h;
				SWIFT_OPTIMIZATION_LEVEL = "-Onone";
				SWIFT_VERSION = 5.0;
				SYSTEM_HEADER_SEARCH_PATHS = $PROJECT_DIR/External/include;
				TARGETED_DEVICE_FAMILY = "1,2";
			};
			name = Debug;
		};
		FA8FFD4624ABB7D0008FD73C /* Release */ = {
			isa = XCBuildConfiguration;
			buildSettings = {
				ASSETCATALOG_COMPILER_APPICON_NAME = AppIcon;
				CLANG_ENABLE_MODULES = YES;
				CODE_SIGNING_ALLOWED = NO;
				CODE_SIGNING_REQUIRED = NO;
				CODE_SIGN_ENTITLEMENTS = $PROJECT_DIR/Source/ipatool.entitlements;
				CODE_SIGN_STYLE = Manual;
				DEVELOPMENT_TEAM = "";
				INFOPLIST_FILE = "App Resources/Info.plist";
				IPHONEOS_DEPLOYMENT_TARGET = 12.0;
				LD_RUNPATH_SEARCH_PATHS = (
					"$(inherited)",
					"@executable_path/Frameworks",
					/usr/lib/libswift/stable,
				);
				MARKETING_VERSION = 1.1;
				PRODUCT_BUNDLE_IDENTIFIER = daniel.ipatool;
				PRODUCT_NAME = "$(TARGET_NAME)";
				PROVISIONING_PROFILE_SPECIFIER = "";
				SWIFT_OBJC_BRIDGING_HEADER = $PROJECT_DIR/Source/Bridging.h;
				SWIFT_VERSION = 5.0;
				SYSTEM_HEADER_SEARCH_PATHS = $PROJECT_DIR/External/include;
				TARGETED_DEVICE_FAMILY = "1,2";
			};
			name = Release;
		};
/* End XCBuildConfiguration section */

/* Begin XCConfigurationList section */
		FA8FFD2B24ABB7CB008FD73C /* Build configuration list for PBXProject "ipatool" */ = {
			isa = XCConfigurationList;
			buildConfigurations = (
				FA8FFD4224ABB7D0008FD73C /* Debug */,
				FA8FFD4324ABB7D0008FD73C /* Release */,
			);
			defaultConfigurationIsVisible = 0;
			defaultConfigurationName = Release;
		};
		FA8FFD4424ABB7D0008FD73C /* Build configuration list for PBXNativeTarget "ipatool" */ = {
			isa = XCConfigurationList;
			buildConfigurations = (
				FA8FFD4524ABB7D0008FD73C /* Debug */,
				FA8FFD4624ABB7D0008FD73C /* Release */,
			);
			defaultConfigurationIsVisible = 0;
			defaultConfigurationName = Release;
		};
/* End XCConfigurationList section */

/* Begin XCRemoteSwiftPackageReference section */
		65EECE7C2673C97500014AF4 /* XCRemoteSwiftPackageReference "ZIPFoundation" */ = {
			isa = XCRemoteSwiftPackageReference;
			repositoryURL = "https://github.com/weichsel/ZIPFoundation.git";
			requirement = {
				kind = upToNextMajorVersion;
				minimumVersion = 0.9.12;
			};
		};
		FA8FFD4924ABBDB0008FD73C /* XCRemoteSwiftPackageReference "swift-argument-parser" */ = {
			isa = XCRemoteSwiftPackageReference;
			repositoryURL = "https://github.com/apple/swift-argument-parser";
			requirement = {
				kind = upToNextMajorVersion;
				minimumVersion = 0.2.0;
			};
		};
/* End XCRemoteSwiftPackageReference section */

/* Begin XCSwiftPackageProductDependency section */
		65EECE7D2673C97500014AF4 /* ZIPFoundation */ = {
			isa = XCSwiftPackageProductDependency;
			package = 65EECE7C2673C97500014AF4 /* XCRemoteSwiftPackageReference "ZIPFoundation" */;
			productName = ZIPFoundation;
		};
		FA8FFD4A24ABBDB0008FD73C /* ArgumentParser */ = {
			isa = XCSwiftPackageProductDependency;
			package = FA8FFD4924ABBDB0008FD73C /* XCRemoteSwiftPackageReference "swift-argument-parser" */;
			productName = ArgumentParser;
		};
/* End XCSwiftPackageProductDependency section */
	};
	rootObject = FA8FFD2824ABB7CB008FD73C /* Project object */;
}
